
Microsoft Visual Studio Solution File, Format Version 12.00
# Visual Studio Version 17
VisualStudioVersion = 17.12.35521.163 d17.12
MinimumVisualStudioVersion = 10.0.40219.1
Project("{FAE04EC0-301F-11D3-BF4B-00C04F79EFBC}") = "MedAlert", "MedAlert.csproj", "{4FEBD9EE-5A5C-4DBD-A014-465D7F1B6627}"
EndProject
Project("{2150E333-8FDC-42A3-9474-1A3956D46DE8}") = "Solution Items", "Solution Items", "{C6009AE3-5BEA-4070-8B6F-6FC7AE0C44CE}"
	ProjectSection(SolutionItems) = preProject
		.gitignore = .gitignore
	EndProjectSection
EndProject
Global
	GlobalSection(SolutionConfigurationPlatforms) = preSolution
		Debug|Any CPU = Debug|Any CPU
		Release|Any CPU = Release|Any CPU
	EndGlobalSection
	GlobalSection(ProjectConfigurationPlatforms) = postSolution
		{4FEBD9EE-5A5C-4DBD-A014-465D7F1B6627}.Debug|Any CPU.ActiveCfg = Debug|Any CPU
		{4FEBD9EE-5A5C-4DBD-A014-465D7F1B6627}.Debug|Any CPU.Build.0 = Debug|Any CPU
		{4FEBD9EE-5A5C-4DBD-A014-465D7F1B6627}.Release|Any CPU.ActiveCfg = Release|Any CPU
		{4FEBD9EE-5A5C-4DBD-A014-465D7F1B6627}.Release|Any CPU.Build.0 = Release|Any CPU
	EndGlobalSection
	GlobalSection(SolutionProperties) = preSolution
		HideSolutionNode = FALSE
	EndGlobalSection
EndGlobal
